
Microsoft Visual Studio Solution File, Format Version 12.00
# Visual Studio Version 17
VisualStudioVersion = 17.0.32112.339
MinimumVisualStudioVersion = 10.0.40219.1
Project("{FAE04EC0-301F-11D3-BF4B-00C04F79EFBC}") = "Sandbox", "Sandbox.csproj", "{8202D15A-19FA-43EA-93BE-5D5450035146}"
EndProject
Global
	GlobalSection(SolutionConfigurationPlatforms) = preSolution
		Debug|Any CPU = Debug|Any CPU
		Release|Any CPU = Release|Any CPU
	EndGlobalSection
	GlobalSection(ProjectConfigurationPlatforms) = postSolution
		{8202D15A-19FA-43EA-93BE-5D5450035146}.Debug|Any CPU.ActiveCfg = Debug|Any CPU
		{8202D15A-19FA-43EA-93BE-5D5450035146}.Debug|Any CPU.Build.0 = Debug|Any CPU
		{8202D15A-19FA-43EA-93BE-5D5450035146}.Release|Any CPU.ActiveCfg = Release|Any CPU
		{8202D15A-19FA-43EA-93BE-5D5450035146}.Release|Any CPU.Build.0 = Release|Any CPU
	EndGlobalSection
	GlobalSection(SolutionProperties) = preSolution
		HideSolutionNode = FALSE
	EndGlobalSection
	GlobalSection(ExtensibilityGlobals) = postSolution
		SolutionGuid = {BCD35331-01E1-440D-A86D-9F9F9BAEC993}
	EndGlobalSection
EndGlobal
